
Microsoft Visual Studio Solution File, Format Version 12.00
# Visual Studio Version 17
VisualStudioVersion = 17.9.34407.89
MinimumVisualStudioVersion = 10.0.40219.1
Project("{FAE04EC0-301F-11D3-BF4B-00C04F79EFBC}") = "CyberIDMKing", "CyberIDMKing\CyberIDMKing.csproj", "{07125E4A-42AE-4062-B665-01C7EFAE3334}"
EndProject
Global
	GlobalSection(SolutionConfigurationPlatforms) = preSolution
		Debug|Any CPU = Debug|Any CPU
		Release|Any CPU = Release|Any CPU
	EndGlobalSection
	GlobalSection(ProjectConfigurationPlatforms) = postSolution
		{07125E4A-42AE-4062-B665-01C7EFAE3334}.Debug|Any CPU.ActiveCfg = Debug|Any CPU
		{07125E4A-42AE-4062-B665-01C7EFAE3334}.Debug|Any CPU.Build.0 = Debug|Any CPU
		{07125E4A-42AE-4062-B665-01C7EFAE3334}.Release|Any CPU.ActiveCfg = Release|Any CPU
		{07125E4A-42AE-4062-B665-01C7EFAE3334}.Release|Any CPU.Build.0 = Release|Any CPU
	EndGlobalSection
	GlobalSection(SolutionProperties) = preSolution
		HideSolutionNode = FALSE
	EndGlobalSection
	GlobalSection(ExtensibilityGlobals) = postSolution
		SolutionGuid = {6F6C13DA-847B-427D-B234-C48D4426FDC6}
	EndGlobalSection
EndGlobal
